// !$*UTF8*$!
{
	archiveVersion = 1;
	classes = {
	};
	objectVersion = 50;
	objects = {

/* Begin PBXBuildFile section */
		9094333D23C34CC800AB4CE9 /* DSINetworking.framework in Frameworks */ = {isa = PBXBuildFile; fileRef = 9094333323C34CC800AB4CE9 /* DSINetworking.framework */; };
		9094334223C34CC800AB4CE9 /* DSINetworkingTests.swift in Sources */ = {isa = PBXBuildFile; fileRef = 9094334123C34CC800AB4CE9 /* DSINetworkingTests.swift */; };
		9094334423C34CC800AB4CE9 /* DSINetworking.h in Headers */ = {isa = PBXBuildFile; fileRef = 9094333623C34CC800AB4CE9 /* DSINetworking.h */; settings = {ATTRIBUTES = (Public, ); }; };
/* End PBXBuildFile section */

/* Begin PBXContainerItemProxy section */
		9094333E23C34CC800AB4CE9 /* PBXContainerItemProxy */ = {
			isa = PBXContainerItemProxy;
			containerPortal = 9094332A23C34CC800AB4CE9 /* Project object */;
			proxyType = 1;
			remoteGlobalIDString = 9094333223C34CC800AB4CE9;
			remoteInfo = DSINetworking;
		};
/* End PBXContainerItemProxy section */

/* Begin PBXFileReference section */
		9094333323C34CC800AB4CE9 /* DSINetworking.framework */ = {isa = PBXFileReference; explicitFileType = wrapper.framework; includeInIndex = 0; path = DSINetworking.framework; sourceTree = BUILT_PRODUCTS_DIR; };
		9094333623C34CC800AB4CE9 /* DSINetworking.h */ = {isa = PBXFileReference; lastKnownFileType = sourcecode.c.h; path = DSINetworking.h; sourceTree = "<group>"; };
		9094333723C34CC800AB4CE9 /* Info.plist */ = {isa = PBXFileReference; lastKnownFileType = text.plist.xml; path = Info.plist; sourceTree = "<group>"; };
		9094333C23C34CC800AB4CE9 /* DSINetworkingTests.xctest */ = {isa = PBXFileReference; explicitFileType = wrapper.cfbundle; includeInIndex = 0; path = DSINetworkingTests.xctest; sourceTree = BUILT_PRODUCTS_DIR; };
		9094334123C34CC800AB4CE9 /* DSINetworkingTests.swift */ = {isa = PBXFileReference; lastKnownFileType = sourcecode.swift; path = DSINetworkingTests.swift; sourceTree = "<group>"; };
		9094334323C34CC800AB4CE9 /* Info.plist */ = {isa = PBXFileReference; lastKnownFileType = text.plist.xml; path = Info.plist; sourceTree = "<group>"; };
/* End PBXFileReference section */

/* Begin PBXFrameworksBuildPhase section */
		9094333023C34CC800AB4CE9 /* Frameworks */ = {
			isa = PBXFrameworksBuildPhase;
			buildActionMask = 2147483647;
			files = (
			);
			runOnlyForDeploymentPostprocessing = 0;
		};
		9094333923C34CC800AB4CE9 /* Frameworks */ = {
			isa = PBXFrameworksBuildPhase;
			buildActionMask = 2147483647;
			files = (
				9094333D23C34CC800AB4CE9 /* DSINetworking.framework in Frameworks */,
			);
			runOnlyForDeploymentPostprocessing = 0;
		};
/* End PBXFrameworksBuildPhase section */

/* Begin PBXGroup section */
		9094332923C34CC800AB4CE9 = {
			isa = PBXGroup;
			children = (
				9094333523C34CC800AB4CE9 /* DSINetworking */,
				9094334023C34CC800AB4CE9 /* DSINetworkingTests */,
				9094333423C34CC800AB4CE9 /* Products */,
			);
			sourceTree = "<group>";
		};
		9094333423C34CC800AB4CE9 /* Products */ = {
			isa = PBXGroup;
			children = (
				9094333323C34CC800AB4CE9 /* DSINetworking.framework */,
				9094333C23C34CC800AB4CE9 /* DSINetworkingTests.xctest */,
			);
			name = Products;
			sourceTree = "<group>";
		};
		9094333523C34CC800AB4CE9 /* DSINetworking */ = {
			isa = PBXGroup;
			children = (
				9094333623C34CC800AB4CE9 /* DSINetworking.h */,
				9094333723C34CC800AB4CE9 /* Info.plist */,
			);
			path = DSINetworking;
			sourceTree = "<group>";
		};
		9094334023C34CC800AB4CE9 /* DSINetworkingTests */ = {
			isa = PBXGroup;
			children = (
				9094334123C34CC800AB4CE9 /* DSINetworkingTests.swift */,
				9094334323C34CC800AB4CE9 /* Info.plist */,
			);
			path = DSINetworkingTests;
			sourceTree = "<group>";
		};
/* End PBXGroup section */

/* Begin PBXHeadersBuildPhase section */
		9094332E23C34CC800AB4CE9 /* Headers */ = {
			isa = PBXHeadersBuildPhase;
			buildActionMask = 2147483647;
			files = (
				9094334423C34CC800AB4CE9 /* DSINetworking.h in Headers */,
			);
			runOnlyForDeploymentPostprocessing = 0;
		};
/* End PBXHeadersBuildPhase section */

/* Begin PBXNativeTarget section */
		9094333223C34CC800AB4CE9 /* DSINetworking */ = {
			isa = PBXNativeTarget;
			buildConfigurationList = 9094334723C34CC800AB4CE9 /* Build configuration list for PBXNativeTarget "DSINetworking" */;
			buildPhases = (
				9094332E23C34CC800AB4CE9 /* Headers */,
				9094332F23C34CC800AB4CE9 /* Sources */,
				9094333023C34CC800AB4CE9 /* Frameworks */,
				9094333123C34CC800AB4CE9 /* Resources */,
			);
			buildRules = (
			);
			dependencies = (
			);
			name = DSINetworking;
			productName = DSINetworking;
			productReference = 9094333323C34CC800AB4CE9 /* DSINetworking.framework */;
			productType = "com.apple.product-type.framework";
		};
		9094333B23C34CC800AB4CE9 /* DSINetworkingTests */ = {
			isa = PBXNativeTarget;
			buildConfigurationList = 9094334A23C34CC800AB4CE9 /* Build configuration list for PBXNativeTarget "DSINetworkingTests" */;
			buildPhases = (
				9094333823C34CC800AB4CE9 /* Sources */,
				9094333923C34CC800AB4CE9 /* Frameworks */,
				9094333A23C34CC800AB4CE9 /* Resources */,
			);
			buildRules = (
			);
			dependencies = (
				9094333F23C34CC800AB4CE9 /* PBXTargetDependency */,
			);
			name = DSINetworkingTests;
			productName = DSINetworkingTests;
			productReference = 9094333C23C34CC800AB4CE9 /* DSINetworkingTests.xctest */;
			productType = "com.apple.product-type.bundle.unit-test";
		};
/* End PBXNativeTarget section */

/* Begin PBXProject section */
		9094332A23C34CC800AB4CE9 /* Project object */ = {
			isa = PBXProject;
			attributes = {
				LastSwiftUpdateCheck = 1120;
				LastUpgradeCheck = 1120;
				ORGANIZATIONNAME = "DECATHLON SPORTS INDIA PRIVATE LIMITED";
				TargetAttributes = {
					9094333223C34CC800AB4CE9 = {
						CreatedOnToolsVersion = 11.2.1;
					};
					9094333B23C34CC800AB4CE9 = {
						CreatedOnToolsVersion = 11.2.1;
					};
				};
			};
			buildConfigurationList = 9094332D23C34CC800AB4CE9 /* Build configuration list for PBXProject "DSINetworking" */;
			compatibilityVersion = "Xcode 9.3";
			developmentRegion = en;
			hasScannedForEncodings = 0;
			knownRegions = (
				en,
				Base,
			);
			mainGroup = 9094332923C34CC800AB4CE9;
			productRefGroup = 9094333423C34CC800AB4CE9 /* Products */;
			projectDirPath = "";
			projectRoot = "";
			targets = (
				9094333223C34CC800AB4CE9 /* DSINetworking */,
				9094333B23C34CC800AB4CE9 /* DSINetworkingTests */,
			);
		};
/* End PBXProject section */

/* Begin PBXResourcesBuildPhase section */
		9094333123C34CC800AB4CE9 /* Resources */ = {
			isa = PBXResourcesBuildPhase;
			buildActionMask = 2147483647;
			files = (
			);
			runOnlyForDeploymentPostprocessing = 0;
		};
		9094333A23C34CC800AB4CE9 /* Resources */ = {
			isa = PBXResourcesBuildPhase;
			buildActionMask = 2147483647;
			files = (
			);
			runOnlyForDeploymentPostprocessing = 0;
		};
/* End PBXResourcesBuildPhase section */

/* Begin PBXSourcesBuildPhase section */
		9094332F23C34CC800AB4CE9 /* Sources */ = {
			isa = PBXSourcesBuildPhase;
			buildActionMask = 2147483647;
			files = (
			);
			runOnlyForDeploymentPostprocessing = 0;
		};
		9094333823C34CC800AB4CE9 /* Sources */ = {
			isa = PBXSourcesBuildPhase;
			buildActionMask = 2147483647;
			files = (
				9094334223C34CC800AB4CE9 /* DSINetworkingTests.swift in Sources */,
			);
			runOnlyForDeploymentPostprocessing = 0;
		};
/* End PBXSourcesBuildPhase section */

/* Begin PBXTargetDependency section */
		9094333F23C34CC800AB4CE9 /* PBXTargetDependency */ = {
			isa = PBXTargetDependency;
			target = 9094333223C34CC800AB4CE9 /* DSINetworking */;
			targetProxy = 9094333E23C34CC800AB4CE9 /* PBXContainerItemProxy */;
		};
/* End PBXTargetDependency section */

/* Begin XCBuildConfiguration section */
		9094334523C34CC800AB4CE9 /* Debug */ = {
			isa = XCBuildConfiguration;
			buildSettings = {
				ALWAYS_SEARCH_USER_PATHS = NO;
				CLANG_ANALYZER_NONNULL = YES;
				CLANG_ANALYZER_NUMBER_OBJECT_CONVERSION = YES_AGGRESSIVE;
				CLANG_CXX_LANGUAGE_STANDARD = "gnu++14";
				CLANG_CXX_LIBRARY = "libc++";
				CLANG_ENABLE_MODULES = YES;
				CLANG_ENABLE_OBJC_ARC = YES;
				CLANG_ENABLE_OBJC_WEAK = YES;
				CLANG_WARN_BLOCK_CAPTURE_AUTORELEASING = YES;
				CLANG_WARN_BOOL_CONVERSION = YES;
				CLANG_WARN_COMMA = YES;
				CLANG_WARN_CONSTANT_CONVERSION = YES;
				CLANG_WARN_DEPRECATED_OBJC_IMPLEMENTATIONS = YES;
				CLANG_WARN_DIRECT_OBJC_ISA_USAGE = YES_ERROR;
				CLANG_WARN_DOCUMENTATION_COMMENTS = YES;
				CLANG_WARN_EMPTY_BODY = YES;
				CLANG_WARN_ENUM_CONVERSION = YES;
				CLANG_WARN_INFINITE_RECURSION = YES;
				CLANG_WARN_INT_CONVERSION = YES;
				CLANG_WARN_NON_LITERAL_NULL_CONVERSION = YES;
				CLANG_WARN_OBJC_IMPLICIT_RETAIN_SELF = YES;
				CLANG_WARN_OBJC_LITERAL_CONVERSION = YES;
				CLANG_WARN_OBJC_ROOT_CLASS = YES_ERROR;
				CLANG_WARN_RANGE_LOOP_ANALYSIS = YES;
				CLANG_WARN_STRICT_PROTOTYPES = YES;
				CLANG_WARN_SUSPICIOUS_MOVE = YES;
				CLANG_WARN_UNGUARDED_AVAILABILITY = YES_AGGRESSIVE;
				CLANG_WARN_UNREACHABLE_CODE = YES;
				CLANG_WARN__DUPLICATE_METHOD_MATCH = YES;
				COPY_PHASE_STRIP = NO;
				CURRENT_PROJECT_VERSION = 1;
				DEBUG_INFORMATION_FORMAT = dwarf;
				ENABLE_STRICT_OBJC_MSGSEND = YES;
				ENABLE_TESTABILITY = YES;
				GCC_C_LANGUAGE_STANDARD = gnu11;
				GCC_DYNAMIC_NO_PIC = NO;
				GCC_NO_COMMON_BLOCKS = YES;
				GCC_OPTIMIZATION_LEVEL = 0;
				GCC_PREPROCESSOR_DEFINITIONS = (
					"DEBUG=1",
					"$(inherited)",
				);
				GCC_WARN_64_TO_32_BIT_CONVERSION = YES;
				GCC_WARN_ABOUT_RETURN_TYPE = YES_ERROR;
				GCC_WARN_UNDECLARED_SELECTOR = YES;
				GCC_WARN_UNINITIALIZED_AUTOS = YES_AGGRESSIVE;
				GCC_WARN_UNUSED_FUNCTION = YES;
				GCC_WARN_UNUSED_VARIABLE = YES;
				IPHONEOS_DEPLOYMENT_TARGET = 13.2;
				MTL_ENABLE_DEBUG_INFO = INCLUDE_SOURCE;
				MTL_FAST_MATH = YES;
				ONLY_ACTIVE_ARCH = YES;
				SDKROOT = iphoneos;
				SWIFT_ACTIVE_COMPILATION_CONDITIONS = DEBUG;
				SWIFT_OPTIMIZATION_LEVEL = "-Onone";
				VERSIONING_SYSTEM = "apple-generic";
				VERSION_INFO_PREFIX = "";
			};
			name = Debug;
		};
		9094334623C34CC800AB4CE9 /* Release */ = {
			isa = XCBuildConfiguration;
			buildSettings = {
				ALWAYS_SEARCH_USER_PATHS = NO;
				CLANG_ANALYZER_NONNULL = YES;
				CLANG_ANALYZER_NUMBER_OBJECT_CONVERSION = YES_AGGRESSIVE;
				CLANG_CXX_LANGUAGE_STANDARD = "gnu++14";
				CLANG_CXX_LIBRARY = "libc++";
				CLANG_ENABLE_MODULES = YES;
				CLANG_ENABLE_OBJC_ARC = YES;
				CLANG_ENABLE_OBJC_WEAK = YES;
				CLANG_WARN_BLOCK_CAPTURE_AUTORELEASING = YES;
				CLANG_WARN_BOOL_CONVERSION = YES;
				CLANG_WARN_COMMA = YES;
				CLANG_WARN_CONSTANT_CONVERSION = YES;
				CLANG_WARN_DEPRECATED_OBJC_IMPLEMENTATIONS = YES;
				CLANG_WARN_DIRECT_OBJC_ISA_USAGE = YES_ERROR;
				CLANG_WARN_DOCUMENTATION_COMMENTS = YES;
				CLANG_WARN_EMPTY_BODY = YES;
				CLANG_WARN_ENUM_CONVERSION = YES;
				CLANG_WARN_INFINITE_RECURSION = YES;
				CLANG_WARN_INT_CONVERSION = YES;
				CLANG_WARN_NON_LITERAL_NULL_CONVERSION = YES;
				CLANG_WARN_OBJC_IMPLICIT_RETAIN_SELF = YES;
				CLANG_WARN_OBJC_LITERAL_CONVERSION = YES;
				CLANG_WARN_OBJC_ROOT_CLASS = YES_ERROR;
				CLANG_WARN_RANGE_LOOP_ANALYSIS = YES;
				CLANG_WARN_STRICT_PROTOTYPES = YES;
				CLANG_WARN_SUSPICIOUS_MOVE = YES;
				CLANG_WARN_UNGUARDED_AVAILABILITY = YES_AGGRESSIVE;
				CLANG_WARN_UNREACHABLE_CODE = YES;
				CLANG_WARN__DUPLICATE_METHOD_MATCH = YES;
				COPY_PHASE_STRIP = NO;
				CURRENT_PROJECT_VERSION = 1;
				DEBUG_INFORMATION_FORMAT = "dwarf-with-dsym";
				ENABLE_NS_ASSERTIONS = NO;
				ENABLE_STRICT_OBJC_MSGSEND = YES;
				GCC_C_LANGUAGE_STANDARD = gnu11;
				GCC_NO_COMMON_BLOCKS = YES;
				GCC_WARN_64_TO_32_BIT_CONVERSION = YES;
				GCC_WARN_ABOUT_RETURN_TYPE = YES_ERROR;
				GCC_WARN_UNDECLARED_SELECTOR = YES;
				GCC_WARN_UNINITIALIZED_AUTOS = YES_AGGRESSIVE;
				GCC_WARN_UNUSED_FUNCTION = YES;
				GCC_WARN_UNUSED_VARIABLE = YES;
				IPHONEOS_DEPLOYMENT_TARGET = 13.2;
				MTL_ENABLE_DEBUG_INFO = NO;
				MTL_FAST_MATH = YES;
				SDKROOT = iphoneos;
				SWIFT_COMPILATION_MODE = wholemodule;
				SWIFT_OPTIMIZATION_LEVEL = "-O";
				VALIDATE_PRODUCT = YES;
				VERSIONING_SYSTEM = "apple-generic";
				VERSION_INFO_PREFIX = "";
			};
			name = Release;
		};
		9094334823C34CC800AB4CE9 /* Debug */ = {
			isa = XCBuildConfiguration;
			buildSettings = {
				CODE_SIGN_STYLE = Automatic;
				DEFINES_MODULE = YES;
				DYLIB_COMPATIBILITY_VERSION = 1;
				DYLIB_CURRENT_VERSION = 1;
				DYLIB_INSTALL_NAME_BASE = "@rpath";
				INFOPLIST_FILE = DSINetworking/Info.plist;
				INSTALL_PATH = "$(LOCAL_LIBRARY_DIR)/Frameworks";
				LD_RUNPATH_SEARCH_PATHS = (
					"$(inherited)",
					"@executable_path/Frameworks",
					"@loader_path/Frameworks",
				);
				PRODUCT_BUNDLE_IDENTIFIER = in.decathlon.DSINetworking;
				PRODUCT_NAME = "$(TARGET_NAME:c99extidentifier)";
				SKIP_INSTALL = YES;
				SWIFT_VERSION = 5.0;
				TARGETED_DEVICE_FAMILY = "1,2";
			};
			name = Debug;
		};
		9094334923C34CC800AB4CE9 /* Release */ = {
			isa = XCBuildConfiguration;
			buildSettings = {
				CODE_SIGN_STYLE = Automatic;
				DEFINES_MODULE = YES;
				DYLIB_COMPATIBILITY_VERSION = 1;
				DYLIB_CURRENT_VERSION = 1;
				DYLIB_INSTALL_NAME_BASE = "@rpath";
				INFOPLIST_FILE = DSINetworking/Info.plist;
				INSTALL_PATH = "$(LOCAL_LIBRARY_DIR)/Frameworks";
				LD_RUNPATH_SEARCH_PATHS = (
					"$(inherited)",
					"@executable_path/Frameworks",
					"@loader_path/Frameworks",
				);
				PRODUCT_BUNDLE_IDENTIFIER = in.decathlon.DSINetworking;
				PRODUCT_NAME = "$(TARGET_NAME:c99extidentifier)";
				SKIP_INSTALL = YES;
				SWIFT_VERSION = 5.0;
				TARGETED_DEVICE_FAMILY = "1,2";
			};
			name = Release;
		};
		9094334B23C34CC800AB4CE9 /* Debug */ = {
			isa = XCBuildConfiguration;
			buildSettings = {
				CODE_SIGN_STYLE = Automatic;
				INFOPLIST_FILE = DSINetworkingTests/Info.plist;
				LD_RUNPATH_SEARCH_PATHS = (
					"$(inherited)",
					"@executable_path/Frameworks",
					"@loader_path/Frameworks",
				);
				PRODUCT_BUNDLE_IDENTIFIER = in.decathlon.DSINetworkingTests;
				PRODUCT_NAME = "$(TARGET_NAME)";
				SWIFT_VERSION = 5.0;
				TARGETED_DEVICE_FAMILY = "1,2";
			};
			name = Debug;
		};
		9094334C23C34CC800AB4CE9 /* Release */ = {
			isa = XCBuildConfiguration;
			buildSettings = {
				CODE_SIGN_STYLE = Automatic;
				INFOPLIST_FILE = DSINetworkingTests/Info.plist;
				LD_RUNPATH_SEARCH_PATHS = (
					"$(inherited)",
					"@executable_path/Frameworks",
					"@loader_path/Frameworks",
				);
				PRODUCT_BUNDLE_IDENTIFIER = in.decathlon.DSINetworkingTests;
				PRODUCT_NAME = "$(TARGET_NAME)";
				SWIFT_VERSION = 5.0;
				TARGETED_DEVICE_FAMILY = "1,2";
			};
			name = Release;
		};
/* End XCBuildConfiguration section */

/* Begin XCConfigurationList section */
		9094332D23C34CC800AB4CE9 /* Build configuration list for PBXProject "DSINetworking" */ = {
			isa = XCConfigurationList;
			buildConfigurations = (
				9094334523C34CC800AB4CE9 /* Debug */,
				9094334623C34CC800AB4CE9 /* Release */,
			);
			defaultConfigurationIsVisible = 0;
			defaultConfigurationName = Release;
		};
		9094334723C34CC800AB4CE9 /* Build configuration list for PBXNativeTarget "DSINetworking" */ = {
			isa = XCConfigurationList;
			buildConfigurations = (
				9094334823C34CC800AB4CE9 /* Debug */,
				9094334923C34CC800AB4CE9 /* Release */,
			);
			defaultConfigurationIsVisible = 0;
			defaultConfigurationName = Release;
		};
		9094334A23C34CC800AB4CE9 /* Build configuration list for PBXNativeTarget "DSINetworkingTests" */ = {
			isa = XCConfigurationList;
			buildConfigurations = (
				9094334B23C34CC800AB4CE9 /* Debug */,
				9094334C23C34CC800AB4CE9 /* Release */,
			);
			defaultConfigurationIsVisible = 0;
			defaultConfigurationName = Release;
		};
/* End XCConfigurationList section */
	};
	rootObject = 9094332A23C34CC800AB4CE9 /* Project object */;
}
